<?xml version="1.0" encoding="utf-8"?>
<Project ToolsVersion="4.0" xmlns="http://schemas.microsoft.com/developer/msbuild/2003">
  <ItemGroup>
    <Filter Include="Source Files">
      <UniqueIdentifier>{4FC737F1-C7A5-4376-A066-2A32D752A2FF}</UniqueIdentifier>
      <Extensions>cpp;c;cc;cxx;c++;cppm;ixx;def;odl;idl;hpj;bat;asm;asmx</Extensions>
    </Filter>
    <Filter Include="App">
      <UniqueIdentifier>{0a77706f-1839-4c6f-9bb4-7e2a55db71ae}</UniqueIdentifier>
    </Filter>
    <Filter Include="Graphics">
      <UniqueIdentifier>{83558bfd-cdf3-4801-bdd6-699dc294885c}</UniqueIdentifier>
    </Filter>
    <Filter Include="GameComponents">
      <UniqueIdentifier>{8cc6f90e-65fd-46cf-8001-36e36c89c5de}</UniqueIdentifier>
    </Filter>
    <Filter Include="Math">
      <UniqueIdentifier>{32f31ed9-548b-4394-b1bd-b3ff79ffb967}</UniqueIdentifier>
    </Filter>
  </ItemGroup>
  <ItemGroup>
    <ClCompile Include="Main.cpp">
      <Filter>Source Files</Filter>
    </ClCompile>
    <ClCompile Include="App\Window.cpp">
      <Filter>App</Filter>
    </ClCompile>
    <ClCompile Include="App\Time.cpp">
      <Filter>App</Filter>
    </ClCompile>
    <ClCompile Include="GraphicsEngine\Graphics.cpp">
      <Filter>Graphics</Filter>
    </ClCompile>
    <ClCompile Include="GraphicsEngine\Shader.cpp">
      <Filter>Graphics</Filter>
    </ClCompile>
    <ClCompile Include="App\GameComponents\GameComponent.cpp">
      <Filter>GameComponents</Filter>
    </ClCompile>
    <ClCompile Include="GraphicsEngine\Mesh.cpp">
      <Filter>GameComponents</Filter>
    </ClCompile>
    <ClCompile Include="Math\Vec.cpp">
      <Filter>Math</Filter>
    </ClCompile>
    <ClCompile Include="App\Game.cpp">
      <Filter>App</Filter>
    </ClCompile>
    <ClCompile Include="App\GameComponents\RenderComponent.cpp">
      <Filter>GameComponents</Filter>
    </ClCompile>
    <ClCompile Include="App\GameObject.cpp">
      <Filter>App</Filter>
    </ClCompile>
    <ClCompile Include="App\GameComponents\TransformComponent.cpp">
      <Filter>Source Files</Filter>
    </ClCompile>
    <ClCompile Include="InputSystem\InputDevice.cpp">
      <Filter>Source Files</Filter>
    </ClCompile>
    <ClCompile Include="Tools\Delegates.cpp">
      <Filter>Source Files</Filter>
    </ClCompile>
  </ItemGroup>
  <ItemGroup>
    <ClInclude Include="App\Window.h">
      <Filter>App</Filter>
    </ClInclude>
    <ClInclude Include="App\Time.h">
      <Filter>App</Filter>
    </ClInclude>
    <ClInclude Include="GraphicsEngine\Graphics.h">
      <Filter>Graphics</Filter>
    </ClInclude>
    <ClInclude Include="GraphicsEngine\Shader.h">
      <Filter>Graphics</Filter>
    </ClInclude>
    <ClInclude Include="GraphicsEngine\GraphicsEngine.h">
      <Filter>Graphics</Filter>
    </ClInclude>
    <ClInclude Include="App\GameComponents\GameComponent.h">
      <Filter>GameComponents</Filter>
    </ClInclude>
    <ClInclude Include="GraphicsEngine\Mesh.h">
      <Filter>GameComponents</Filter>
    </ClInclude>
    <ClInclude Include="Math\Vec.h">
      <Filter>Math</Filter>
    </ClInclude>
    <ClInclude Include="Math\MathEngine.h">
      <Filter>Math</Filter>
    </ClInclude>
    <ClInclude Include="App\Game.h">
      <Filter>App</Filter>
    </ClInclude>
    <ClInclude Include="App\GameComponents\RenderComponent.h">
      <Filter>GameComponents</Filter>
    </ClInclude>
    <ClInclude Include="App\GameObject.h">
      <Filter>App</Filter>
    </ClInclude>
    <ClInclude Include="App\GameComponents\TransformComponent.h" />
    <ClInclude Include="InputSystem\InputDevice.h" />
    <ClInclude Include="InputSystem\Keys.h" />
    <ClInclude Include="pch.h" />
    <ClInclude Include="Exports.h" />
    <ClInclude Include="Tools\Delegates.h" />
  </ItemGroup>
  <ItemGroup>
    <Natvis Include="Tools\Delegates.natvis" />
  </ItemGroup>
</Project>