<?xml version="1.0" encoding="utf-8"?>
<Project ToolsVersion="4.0" xmlns="http://schemas.microsoft.com/developer/msbuild/2003">
  <ItemGroup>
    <Filter Include="Source Files">
      <UniqueIdentifier>{4FC737F1-C7A5-4376-A066-2A32D752A2FF}</UniqueIdentifier>
      <Extensions>cpp;c;cc;cxx;c++;cppm;ixx;def;odl;idl;hpj;bat;asm;asmx</Extensions>
    </Filter>
    <Filter Include="App">
      <UniqueIdentifier>{0a77706f-1839-4c6f-9bb4-7e2a55db71ae}</UniqueIdentifier>
    </Filter>
    <Filter Include="Graphics">
      <UniqueIdentifier>{83558bfd-cdf3-4801-bdd6-699dc294885c}</UniqueIdentifier>
    </Filter>
    <Filter Include="GameComponents">
      <UniqueIdentifier>{8cc6f90e-65fd-46cf-8001-36e36c89c5de}</UniqueIdentifier>
    </Filter>
    <Filter Include="Math">
      <UniqueIdentifier>{32f31ed9-548b-4394-b1bd-b3ff79ffb967}</UniqueIdentifier>
    </Filter>
  </ItemGroup>
  <ItemGroup>
    <ClCompile Include="Main.cpp">
      <Filter>Source Files</Filter>
    </ClCompile>
    <ClCompile Include="App\Window.cpp">
      <Filter>App</Filter>
    </ClCompile>
    <ClCompile Include="App\Time.cpp">
      <Filter>App</Filter>
    </ClCompile>
    <ClCompile Include="App\Game.cpp">
      <Filter>App</Filter>
    </ClCompile>
    <ClCompile Include="Engine\GameplayEngine\GameComponents\GameComponent.cpp">
      <Filter>Source Files</Filter>
    </ClCompile>
    <ClCompile Include="Engine\GameplayEngine\GameObject.cpp">
      <Filter>Source Files</Filter>
    </ClCompile>
    <ClCompile Include="Engine\InputSystem\InputDevice.cpp">
      <Filter>Source Files</Filter>
    </ClCompile>
    <ClCompile Include="Engine\GraphicsEngine\Graphics.cpp">
      <Filter>Source Files</Filter>
    </ClCompile>
    <ClCompile Include="Engine\GameplayEngine\GameComponents\RenderComponent.cpp">
      <Filter>Source Files</Filter>
    </ClCompile>
    <ClCompile Include="Engine\GraphicsEngine\Shader.cpp">
      <Filter>Source Files</Filter>
    </ClCompile>
    <ClCompile Include="Engine\GraphicsEngine\Mesh.cpp">
      <Filter>Source Files</Filter>
    </ClCompile>
    <ClCompile Include="Lib\Math\src\Vec.cpp">
      <Filter>Source Files</Filter>
    </ClCompile>
    <ClCompile Include="Lib\Delegates\Delegates.cpp">
      <Filter>Source Files</Filter>
    </ClCompile>
    <ClCompile Include="Basic\Shapes\Box2D.cpp">
      <Filter>Source Files</Filter>
    </ClCompile>
    <ClCompile Include="Engine\GameplayEngine\GameComponents\BehaviourScript.cpp">
      <Filter>Source Files</Filter>
    </ClCompile>
    <ClCompile Include="Engine\GameplayEngine\GameComponents\Collider.cpp">
      <Filter>Source Files</Filter>
    </ClCompile>
    <ClCompile Include="Engine\PhysicsEngine\Physics.cpp">
      <Filter>Source Files</Filter>
    </ClCompile>
    <ClCompile Include="Engine\GameplayEngine\Transform.cpp">
      <Filter>Source Files</Filter>
    </ClCompile>
    <ClCompile Include="Basic\Shapes\Box.cpp">
      <Filter>Source Files</Filter>
    </ClCompile>
    <ClCompile Include="Engine\GameplayEngine\Camera.cpp">
      <Filter>Source Files</Filter>
    </ClCompile>
    <ClCompile Include="Games\Katamari\SolarSystem.cpp">
      <Filter>Source Files</Filter>
    </ClCompile>
    <ClCompile Include="Games\Katamari\Scripts\CameraControl.cpp">
      <Filter>Source Files</Filter>
    </ClCompile>
    <ClCompile Include="Basic\Shapes\Sphere.cpp">
      <Filter>Source Files</Filter>
    </ClCompile>
    <ClCompile Include="Engine\GraphicsEngine\ShaderManager.cpp">
      <Filter>Source Files</Filter>
    </ClCompile>
    <ClCompile Include="Engine\DebugSystem\Debug.cpp">
      <Filter>Source Files</Filter>
    </ClCompile>
    <ClCompile Include="Engine\GraphicsEngine\Texture.cpp">
      <Filter>Source Files</Filter>
    </ClCompile>
    <ClCompile Include="Engine\GraphicsEngine\TextureManager.cpp">
      <Filter>Source Files</Filter>
    </ClCompile>
    <ClCompile Include="Engine\GraphicsEngine\Model.cpp">
      <Filter>Source Files</Filter>
    </ClCompile>
    <ClCompile Include="Lib\Tools\StringHelper.cpp">
      <Filter>Source Files</Filter>
    </ClCompile>
    <ClCompile Include="Games\Katamari\KatamariGame.cpp">
      <Filter>Source Files</Filter>
    </ClCompile>
    <ClCompile Include="Games\Katamari\Scripts\Player.cpp">
      <Filter>Source Files</Filter>
    </ClCompile>
    <ClCompile Include="Engine\GameplayEngine\GameComponents\SphereCollider.cpp">
      <Filter>Source Files</Filter>
    </ClCompile>
    <ClCompile Include="Engine\PhysicsEngine\Simplex.cpp">
      <Filter>Source Files</Filter>
    </ClCompile>
  </ItemGroup>
  <ItemGroup>
    <ClInclude Include="App\Window.h">
      <Filter>App</Filter>
    </ClInclude>
    <ClInclude Include="App\Time.h">
      <Filter>App</Filter>
    </ClInclude>
    <ClInclude Include="App\Game.h">
      <Filter>App</Filter>
    </ClInclude>
    <ClInclude Include="Exports.h" />
    <ClInclude Include="Engine\GameplayEngine\GameComponents\GameComponent.h" />
    <ClInclude Include="Engine\GameplayEngine\GameObject.h" />
    <ClInclude Include="Engine\GraphicsEngine\Graphics.h" />
    <ClInclude Include="Engine\GraphicsEngine\GraphicsEngine.h" />
    <ClInclude Include="Engine\InputSystem\InputDevice.h" />
    <ClInclude Include="Engine\InputSystem\Keys.h" />
    <ClInclude Include="Lib\Math\Math.h" />
    <ClInclude Include="Engine\GameplayEngine\GameComponents\RenderComponent.h" />
    <ClInclude Include="Engine\GraphicsEngine\Shader.h" />
    <ClInclude Include="Engine\GraphicsEngine\Mesh.h" />
    <ClInclude Include="Lib\Math\src\Vec.h" />
    <ClInclude Include="Lib\Delegates\Delegates.h" />
    <ClInclude Include="Basic\Shapes\Box2D.h" />
    <ClInclude Include="Engine\GameplayEngine\GameComponents\BehaviourScript.h" />
    <ClInclude Include="PhoenixEngine.h" />
    <ClInclude Include="Engine\GameplayEngine\GameplayEngine.h" />
    <ClInclude Include="Engine\InputSystem\InputSystem.h" />
    <ClInclude Include="Basic\Shapes\BasicShapes.h" />
    <ClInclude Include="Engine\GameplayEngine\GameComponents\BaseGameComponents.h" />
    <ClInclude Include="Engine\GameplayEngine\GameComponents\Collider.h" />
    <ClInclude Include="Engine\GameplayEngine\GameObject.hpp" />
    <ClInclude Include="Engine\PhysicsEngine\PhysicsEngine.h" />
    <ClInclude Include="Engine\PhysicsEngine\Physics.h" />
    <ClInclude Include="Engine\GameplayEngine\Camera.h" />
    <ClInclude Include="Engine\GameplayEngine\Transform.h" />
    <ClInclude Include="Basic\Shapes\Box.h" />
    <ClInclude Include="Games\Katamari\SolarSystem.h" />
    <ClInclude Include="Games\Katamari\Scripts\CameraControl.h" />
    <ClInclude Include="Basic\Shapes\Sphere.h" />
    <ClInclude Include="Engine\FileManager\BaseResources.h" />
    <ClInclude Include="Engine\DebugSystem\DebugSystem.h" />
    <ClInclude Include="Engine\GraphicsEngine\ShaderManager.h" />
    <ClInclude Include="Engine\DebugSystem\Debug.h" />
    <ClInclude Include="Engine\GraphicsEngine\Texture.h" />
    <ClInclude Include="Engine\GraphicsEngine\Vertex.h" />
    <ClInclude Include="Engine\GraphicsEngine\TextureManager.h" />
    <ClInclude Include="Engine\GraphicsEngine\IndexBuffer.h" />
    <ClInclude Include="Engine\GraphicsEngine\Model.h" />
    <ClInclude Include="Engine\GraphicsEngine\VertexBuffer.h" />
    <ClInclude Include="Basic\Constants\Colors.h" />
    <ClInclude Include="Lib\Tools\StringHelper.h" />
    <ClInclude Include="Engine\GraphicsEngine\ConstantBuffer.h" />
    <ClInclude Include="Games\Katamari\KatamariGame.h" />
    <ClInclude Include="Games\Katamari\Scripts\Player.h" />
    <ClInclude Include="Engine\GameplayEngine\GameComponents\SphereCollider.h" />
    <ClInclude Include="Engine\PhysicsEngine\Simplex.h" />
  </ItemGroup>
  <ItemGroup>
    <Natvis Include="Lib\Delegates\Delegates.natvis" />
  </ItemGroup>
  <ItemGroup>
    <Text Include="Shaders\LitShader.hlsl" />
    <Text Include="Shaders\LineDebugShader.hlsl" />
  </ItemGroup>
  <ItemGroup>
    <None Include="packages.config" />
  </ItemGroup>
</Project>